Microsoft Visual Studio Solution File, Format Version 12.00
# Visual Studio Version 17
VisualStudioVersion = 17.13.35825.156
MinimumVisualStudioVersion = 10.0.40219.1
Project("{FAE04EC0-301F-11D3-BF4B-00C04F79EFBC}") = "PED_DESAFIO1", "PED_DESAFIO1\PED_DESAFIO1.csproj", "{1C1645D4-DC36-4E0F-A664-6124BD982E3B}"
EndProject
Global
	GlobalSection(SolutionConfigurationPlatforms) = preSolution
		Debug|Any CPU = Debug|Any CPU
		Release|Any CPU = Release|Any CPU
	EndGlobalSection
	GlobalSection(ProjectConfigurationPlatforms) = postSolution
		{1C1645D4-DC36-4E0F-A664-6124BD982E3B}.Debug|Any CPU.ActiveCfg = Debug|Any CPU
		{1C1645D4-DC36-4E0F-A664-6124BD982E3B}.Debug|Any CPU.Build.0 = Debug|Any CPU
		{1C1645D4-DC36-4E0F-A664-6124BD982E3B}.Release|Any CPU.ActiveCfg = Release|Any CPU
		{1C1645D4-DC36-4E0F-A664-6124BD982E3B}.Release|Any CPU.Build.0 = Release|Any CPU
	EndGlobalSection
	GlobalSection(SolutionProperties) = preSolution
		HideSolutionNode = FALSE
	EndGlobalSection
	GlobalSection(ExtensibilityGlobals) = postSolution
		SolutionGuid = {C02E7752-0C3C-4476-B6A2-0E4090BF8600}
	EndGlobalSection
EndGlobal
